
Microsoft Visual Studio Solution File, Format Version 12.00
# Visual Studio Version 16
VisualStudioVersion = 16.0.30503.244
MinimumVisualStudioVersion = 10.0.40219.1
Project("{FAE04EC0-301F-11D3-BF4B-00C04F79EFBC}") = "SOLIDPrinciples", "SOLIDPrinciples\SOLIDPrinciples.csproj", "{13E6C332-4E71-4D0F-8AE4-4C7277D7CCE3}"
EndProject
Global
	GlobalSection(SolutionConfigurationPlatforms) = preSolution
		Debug|Any CPU = Debug|Any CPU
		Release|Any CPU = Release|Any CPU
	EndGlobalSection
	GlobalSection(ProjectConfigurationPlatforms) = postSolution
		{13E6C332-4E71-4D0F-8AE4-4C7277D7CCE3}.Debug|Any CPU.ActiveCfg = Debug|Any CPU
		{13E6C332-4E71-4D0F-8AE4-4C7277D7CCE3}.Debug|Any CPU.Build.0 = Debug|Any CPU
		{13E6C332-4E71-4D0F-8AE4-4C7277D7CCE3}.Release|Any CPU.ActiveCfg = Release|Any CPU
		{13E6C332-4E71-4D0F-8AE4-4C7277D7CCE3}.Release|Any CPU.Build.0 = Release|Any CPU
	EndGlobalSection
	GlobalSection(SolutionProperties) = preSolution
		HideSolutionNode = FALSE
	EndGlobalSection
	GlobalSection(ExtensibilityGlobals) = postSolution
		SolutionGuid = {041CE130-B014-4151-95D3-1395BA2A5456}
	EndGlobalSection
EndGlobal
